
Microsoft Visual Studio Solution File, Format Version 10.00
# Visual Studio 2008
Project("{8BC9CEB8-8B4A-11D0-8D11-00A0C91BC942}") = "erlv8", "erlv8\erlv8.vcproj", "{69966BBA-0C21-4DD3-BBFB-4F6554D7BC64}"
EndProject
Global
	GlobalSection(SolutionConfigurationPlatforms) = preSolution
		Debug|Win32 = Debug|Win32
		Release|Win32 = Release|Win32
	EndGlobalSection
	GlobalSection(ProjectConfigurationPlatforms) = postSolution
		{69966BBA-0C21-4DD3-BBFB-4F6554D7BC64}.Debug|Win32.ActiveCfg = Debug|Win32
		{69966BBA-0C21-4DD3-BBFB-4F6554D7BC64}.Debug|Win32.Build.0 = Debug|Win32
		{69966BBA-0C21-4DD3-BBFB-4F6554D7BC64}.Release|Win32.ActiveCfg = Release|Win32
		{69966BBA-0C21-4DD3-BBFB-4F6554D7BC64}.Release|Win32.Build.0 = Release|Win32
	EndGlobalSection
	GlobalSection(SolutionProperties) = preSolution
		HideSolutionNode = FALSE
	EndGlobalSection
EndGlobal
